// !$*UTF8*$!
{
	archiveVersion = 1;
	classes = {
	};
	objectVersion = 48;
	objects = {

/* Begin PBXBuildFile section */
		572552411FEDA4E8002EB33C /* AppDelegate.swift in Sources */ = {isa = PBXBuildFile; fileRef = 572552401FEDA4E8002EB33C /* AppDelegate.swift */; };
		572552431FEDA4E8002EB33C /* ViewController.swift in Sources */ = {isa = PBXBuildFile; fileRef = 572552421FEDA4E8002EB33C /* ViewController.swift */; };
		572552461FEDA4E8002EB33C /* Main.storyboard in Resources */ = {isa = PBXBuildFile; fileRef = 572552441FEDA4E8002EB33C /* Main.storyboard */; };
		572552481FEDA4E8002EB33C /* Assets.xcassets in Resources */ = {isa = PBXBuildFile; fileRef = 572552471FEDA4E8002EB33C /* Assets.xcassets */; };
		5725524B1FEDA4E8002EB33C /* LaunchScreen.storyboard in Resources */ = {isa = PBXBuildFile; fileRef = 572552491FEDA4E8002EB33C /* LaunchScreen.storyboard */; };
/* End PBXBuildFile section */

/* Begin PBXFileReference section */
		5725523D1FEDA4E8002EB33C /* Playgrounds+.app */ = {isa = PBXFileReference; explicitFileType = wrapper.application; includeInIndex = 0; path = "Playgrounds+.app"; sourceTree = BUILT_PRODUCTS_DIR; };
		572552401FEDA4E8002EB33C /* AppDelegate.swift */ = {isa = PBXFileReference; lastKnownFileType = sourcecode.swift; path = AppDelegate.swift; sourceTree = "<group>"; };
		572552421FEDA4E8002EB33C /* ViewController.swift */ = {isa = PBXFileReference; lastKnownFileType = sourcecode.swift; path = ViewController.swift; sourceTree = "<group>"; };
		572552451FEDA4E8002EB33C /* Base */ = {isa = PBXFileReference; lastKnownFileType = file.storyboard; name = Base; path = Base.lproj/Main.storyboard; sourceTree = "<group>"; };
		572552471FEDA4E8002EB33C /* Assets.xcassets */ = {isa = PBXFileReference; lastKnownFileType = folder.assetcatalog; path = Assets.xcassets; sourceTree = "<group>"; };
		5725524A1FEDA4E8002EB33C /* Base */ = {isa = PBXFileReference; lastKnownFileType = file.storyboard; name = Base; path = Base.lproj/LaunchScreen.storyboard; sourceTree = "<group>"; };
		5725524C1FEDA4E8002EB33C /* Info.plist */ = {isa = PBXFileReference; lastKnownFileType = text.plist.xml; path = Info.plist; sourceTree = "<group>"; };
/* End PBXFileReference section */

/* Begin PBXFrameworksBuildPhase section */
		5725523A1FEDA4E8002EB33C /* Frameworks */ = {
			isa = PBXFrameworksBuildPhase;
			buildActionMask = 2147483647;
			files = (
			);
			runOnlyForDeploymentPostprocessing = 0;
		};
/* End PBXFrameworksBuildPhase section */

/* Begin PBXGroup section */
		572552341FEDA4E8002EB33C = {
			isa = PBXGroup;
			children = (
				5725523F1FEDA4E8002EB33C /* Playgrounds+ */,
				5725523E1FEDA4E8002EB33C /* Products */,
			);
			sourceTree = "<group>";
		};
		5725523E1FEDA4E8002EB33C /* Products */ = {
			isa = PBXGroup;
			children = (
				5725523D1FEDA4E8002EB33C /* Playgrounds+.app */,
			);
			name = Products;
			sourceTree = "<group>";
		};
		5725523F1FEDA4E8002EB33C /* Playgrounds+ */ = {
			isa = PBXGroup;
			children = (
				572552401FEDA4E8002EB33C /* AppDelegate.swift */,
				572552421FEDA4E8002EB33C /* ViewController.swift */,
				572552441FEDA4E8002EB33C /* Main.storyboard */,
				572552471FEDA4E8002EB33C /* Assets.xcassets */,
				572552491FEDA4E8002EB33C /* LaunchScreen.storyboard */,
				5725524C1FEDA4E8002EB33C /* Info.plist */,
			);
			path = "Playgrounds+";
			sourceTree = "<group>";
		};
/* End PBXGroup section */

/* Begin PBXNativeTarget section */
		5725523C1FEDA4E8002EB33C /* Playgrounds+ */ = {
			isa = PBXNativeTarget;
			buildConfigurationList = 5725524F1FEDA4E8002EB33C /* Build configuration list for PBXNativeTarget "Playgrounds+" */;
			buildPhases = (
				572552391FEDA4E8002EB33C /* Sources */,
				5725523A1FEDA4E8002EB33C /* Frameworks */,
				5725523B1FEDA4E8002EB33C /* Resources */,
			);
			buildRules = (
			);
			dependencies = (
			);
			name = "Playgrounds+";
			productName = "Playgrounds+";
			productReference = 5725523D1FEDA4E8002EB33C /* Playgrounds+.app */;
			productType = "com.apple.product-type.application";
		};
/* End PBXNativeTarget section */

/* Begin PBXProject section */
		572552351FEDA4E8002EB33C /* Project object */ = {
			isa = PBXProject;
			attributes = {
				LastSwiftUpdateCheck = 0920;
				LastUpgradeCheck = 0920;
				ORGANIZATIONNAME = "Matt Curtis";
				TargetAttributes = {
					5725523C1FEDA4E8002EB33C = {
						CreatedOnToolsVersion = 9.2;
						ProvisioningStyle = Automatic;
					};
				};
			};
			buildConfigurationList = 572552381FEDA4E8002EB33C /* Build configuration list for PBXProject "Playgrounds+" */;
			compatibilityVersion = "Xcode 8.0";
			developmentRegion = en;
			hasScannedForEncodings = 0;
			knownRegions = (
				en,
				Base,
			);
			mainGroup = 572552341FEDA4E8002EB33C;
			productRefGroup = 5725523E1FEDA4E8002EB33C /* Products */;
			projectDirPath = "";
			projectRoot = "";
			targets = (
				5725523C1FEDA4E8002EB33C /* Playgrounds+ */,
			);
		};
/* End PBXProject section */

/* Begin PBXResourcesBuildPhase section */
		5725523B1FEDA4E8002EB33C /* Resources */ = {
			isa = PBXResourcesBuildPhase;
			buildActionMask = 2147483647;
			files = (
				5725524B1FEDA4E8002EB33C /* LaunchScreen.storyboard in Resources */,
				572552481FEDA4E8002EB33C /* Assets.xcassets in Resources */,
				572552461FEDA4E8002EB33C /* Main.storyboard in Resources */,
			);
			runOnlyForDeploymentPostprocessing = 0;
		};
/* End PBXResourcesBuildPhase section */

/* Begin PBXSourcesBuildPhase section */
		572552391FEDA4E8002EB33C /* Sources */ = {
			isa = PBXSourcesBuildPhase;
			buildActionMask = 2147483647;
			files = (
				572552431FEDA4E8002EB33C /* ViewController.swift in Sources */,
				572552411FEDA4E8002EB33C /* AppDelegate.swift in Sources */,
			);
			runOnlyForDeploymentPostprocessing = 0;
		};
/* End PBXSourcesBuildPhase section */

/* Begin PBXVariantGroup section */
		572552441FEDA4E8002EB33C /* Main.storyboard */ = {
			isa = PBXVariantGroup;
			children = (
				572552451FEDA4E8002EB33C /* Base */,
			);
			name = Main.storyboard;
			sourceTree = "<group>";
		};
		572552491FEDA4E8002EB33C /* LaunchScreen.storyboard */ = {
			isa = PBXVariantGroup;
			children = (
				5725524A1FEDA4E8002EB33C /* Base */,
			);
			name = LaunchScreen.storyboard;
			sourceTree = "<group>";
		};
/* End PBXVariantGroup section */

/* Begin XCBuildConfiguration section */
		5725524D1FEDA4E8002EB33C /* Debug */ = {
			isa = XCBuildConfiguration;
			buildSettings = {
				ALWAYS_SEARCH_USER_PATHS = NO;
				CLANG_ANALYZER_NONNULL = YES;
				CLANG_ANALYZER_NUMBER_OBJECT_CONVERSION = YES_AGGRESSIVE;
				CLANG_CXX_LANGUAGE_STANDARD = "gnu++14";
				CLANG_CXX_LIBRARY = "libc++";
				CLANG_ENABLE_MODULES = YES;
				CLANG_ENABLE_OBJC_ARC = YES;
				CLANG_WARN_BLOCK_CAPTURE_AUTORELEASING = YES;
				CLANG_WARN_BOOL_CONVERSION = YES;
				CLANG_WARN_COMMA = YES;
				CLANG_WARN_CONSTANT_CONVERSION = YES;
				CLANG_WARN_DIRECT_OBJC_ISA_USAGE = YES_ERROR;
				CLANG_WARN_DOCUMENTATION_COMMENTS = YES;
				CLANG_WARN_EMPTY_BODY = YES;
				CLANG_WARN_ENUM_CONVERSION = YES;
				CLANG_WARN_INFINITE_RECURSION = YES;
				CLANG_WARN_INT_CONVERSION = YES;
				CLANG_WARN_NON_LITERAL_NULL_CONVERSION = YES;
				CLANG_WARN_OBJC_LITERAL_CONVERSION = YES;
				CLANG_WARN_OBJC_ROOT_CLASS = YES_ERROR;
				CLANG_WARN_RANGE_LOOP_ANALYSIS = YES;
				CLANG_WARN_STRICT_PROTOTYPES = YES;
				CLANG_WARN_SUSPICIOUS_MOVE = YES;
				CLANG_WARN_UNGUARDED_AVAILABILITY = YES_AGGRESSIVE;
				CLANG_WARN_UNREACHABLE_CODE = YES;
				CLANG_WARN__DUPLICATE_METHOD_MATCH = YES;
				CODE_SIGN_IDENTITY = "iPhone Developer";
				COPY_PHASE_STRIP = NO;
				DEBUG_INFORMATION_FORMAT = dwarf;
				ENABLE_STRICT_OBJC_MSGSEND = YES;
				ENABLE_TESTABILITY = YES;
				GCC_C_LANGUAGE_STANDARD = gnu11;
				GCC_DYNAMIC_NO_PIC = NO;
				GCC_NO_COMMON_BLOCKS = YES;
				GCC_OPTIMIZATION_LEVEL = 0;
				GCC_PREPROCESSOR_DEFINITIONS = (
					"DEBUG=1",
					"$(inherited)",
				);
				GCC_WARN_64_TO_32_BIT_CONVERSION = YES;
				GCC_WARN_ABOUT_RETURN_TYPE = YES_ERROR;
				GCC_WARN_UNDECLARED_SELECTOR = YES;
				GCC_WARN_UNINITIALIZED_AUTOS = YES_AGGRESSIVE;
				GCC_WARN_UNUSED_FUNCTION = YES;
				GCC_WARN_UNUSED_VARIABLE = YES;
				IPHONEOS_DEPLOYMENT_TARGET = 11.2;
				MTL_ENABLE_DEBUG_INFO = YES;
				ONLY_ACTIVE_ARCH = YES;
				SDKROOT = iphoneos;
				SWIFT_ACTIVE_COMPILATION_CONDITIONS = DEBUG;
				SWIFT_OPTIMIZATION_LEVEL = "-Onone";
			};
			name = Debug;
		};
		5725524E1FEDA4E8002EB33C /* Release */ = {
			isa = XCBuildConfiguration;
			buildSettings = {
				ALWAYS_SEARCH_USER_PATHS = NO;
				CLANG_ANALYZER_NONNULL = YES;
				CLANG_ANALYZER_NUMBER_OBJECT_CONVERSION = YES_AGGRESSIVE;
				CLANG_CXX_LANGUAGE_STANDARD = "gnu++14";
				CLANG_CXX_LIBRARY = "libc++";
				CLANG_ENABLE_MODULES = YES;
				CLANG_ENABLE_OBJC_ARC = YES;
				CLANG_WARN_BLOCK_CAPTURE_AUTORELEASING = YES;
				CLANG_WARN_BOOL_CONVERSION = YES;
				CLANG_WARN_COMMA = YES;
				CLANG_WARN_CONSTANT_CONVERSION = YES;
				CLANG_WARN_DIRECT_OBJC_ISA_USAGE = YES_ERROR;
				CLANG_WARN_DOCUMENTATION_COMMENTS = YES;
				CLANG_WARN_EMPTY_BODY = YES;
				CLANG_WARN_ENUM_CONVERSION = YES;
				CLANG_WARN_INFINITE_RECURSION = YES;
				CLANG_WARN_INT_CONVERSION = YES;
				CLANG_WARN_NON_LITERAL_NULL_CONVERSION = YES;
				CLANG_WARN_OBJC_LITERAL_CONVERSION = YES;
				CLANG_WARN_OBJC_ROOT_CLASS = YES_ERROR;
				CLANG_WARN_RANGE_LOOP_ANALYSIS = YES;
				CLANG_WARN_STRICT_PROTOTYPES = YES;
				CLANG_WARN_SUSPICIOUS_MOVE = YES;
				CLANG_WARN_UNGUARDED_AVAILABILITY = YES_AGGRESSIVE;
				CLANG_WARN_UNREACHABLE_CODE = YES;
				CLANG_WARN__DUPLICATE_METHOD_MATCH = YES;
				CODE_SIGN_IDENTITY = "iPhone Developer";
				COPY_PHASE_STRIP = NO;
				DEBUG_INFORMATION_FORMAT = "dwarf-with-dsym";
				ENABLE_NS_ASSERTIONS = NO;
				ENABLE_STRICT_OBJC_MSGSEND = YES;
				GCC_C_LANGUAGE_STANDARD = gnu11;
				GCC_NO_COMMON_BLOCKS = YES;
				GCC_WARN_64_TO_32_BIT_CONVERSION = YES;
				GCC_WARN_ABOUT_RETURN_TYPE = YES_ERROR;
				GCC_WARN_UNDECLARED_SELECTOR = YES;
				GCC_WARN_UNINITIALIZED_AUTOS = YES_AGGRESSIVE;
				GCC_WARN_UNUSED_FUNCTION = YES;
				GCC_WARN_UNUSED_VARIABLE = YES;
				IPHONEOS_DEPLOYMENT_TARGET = 11.2;
				MTL_ENABLE_DEBUG_INFO = NO;
				SDKROOT = iphoneos;
				SWIFT_OPTIMIZATION_LEVEL = "-Owholemodule";
				VALIDATE_PRODUCT = YES;
			};
			name = Release;
		};
		572552501FEDA4E8002EB33C /* Debug */ = {
			isa = XCBuildConfiguration;
			buildSettings = {
				ASSETCATALOG_COMPILER_APPICON_NAME = AppIcon;
				CODE_SIGN_STYLE = Automatic;
				DEVELOPMENT_TEAM = K66YLH92A2;
				INFOPLIST_FILE = "Playgrounds+/Info.plist";
				LD_RUNPATH_SEARCH_PATHS = "$(inherited) @executable_path/Frameworks";
				PRODUCT_BUNDLE_IDENTIFIER = "com.matt-curtis.Playgrounds-";
				PRODUCT_NAME = "$(TARGET_NAME)";
				SWIFT_VERSION = 4.0;
				TARGETED_DEVICE_FAMILY = "1,2";
			};
			name = Debug;
		};
		572552511FEDA4E8002EB33C /* Release */ = {
			isa = XCBuildConfiguration;
			buildSettings = {
				ASSETCATALOG_COMPILER_APPICON_NAME = AppIcon;
				CODE_SIGN_STYLE = Automatic;
				DEVELOPMENT_TEAM = K66YLH92A2;
				INFOPLIST_FILE = "Playgrounds+/Info.plist";
				LD_RUNPATH_SEARCH_PATHS = "$(inherited) @executable_path/Frameworks";
				PRODUCT_BUNDLE_IDENTIFIER = "com.matt-curtis.Playgrounds-";
				PRODUCT_NAME = "$(TARGET_NAME)";
				SWIFT_VERSION = 4.0;
				TARGETED_DEVICE_FAMILY = "1,2";
			};
			name = Release;
		};
/* End XCBuildConfiguration section */

/* Begin XCConfigurationList section */
		572552381FEDA4E8002EB33C /* Build configuration list for PBXProject "Playgrounds+" */ = {
			isa = XCConfigurationList;
			buildConfigurations = (
				5725524D1FEDA4E8002EB33C /* Debug */,
				5725524E1FEDA4E8002EB33C /* Release */,
			);
			defaultConfigurationIsVisible = 0;
			defaultConfigurationName = Release;
		};
		5725524F1FEDA4E8002EB33C /* Build configuration list for PBXNativeTarget "Playgrounds+" */ = {
			isa = XCConfigurationList;
			buildConfigurations = (
				572552501FEDA4E8002EB33C /* Debug */,
				572552511FEDA4E8002EB33C /* Release */,
			);
			defaultConfigurationIsVisible = 0;
			defaultConfigurationName = Release;
		};
/* End XCConfigurationList section */
	};
	rootObject = 572552351FEDA4E8002EB33C /* Project object */;
}
